
Microsoft Visual Studio Solution File, Format Version 12.00
# Visual Studio Version 16
VisualStudioVersion = 16.0.29728.190
MinimumVisualStudioVersion = 10.0.40219.1
Project("{9A19103F-16F7-4668-BE54-9A1E7A4F7556}") = "HangFireExample", "HangFireExample\HangFireExample.csproj", "{00252FB7-A58B-4773-93C8-893832E65EB6}"
EndProject
Project("{FAE04EC0-301F-11D3-BF4B-00C04F79EFBC}") = "HangFireCore", "HangFireCore\HangFireCore.csproj", "{42336DE8-E592-4039-A08F-B6D2A93F088E}"
EndProject
Global
	GlobalSection(SolutionConfigurationPlatforms) = preSolution
		Debug|Any CPU = Debug|Any CPU
		Release|Any CPU = Release|Any CPU
	EndGlobalSection
	GlobalSection(ProjectConfigurationPlatforms) = postSolution
		{00252FB7-A58B-4773-93C8-893832E65EB6}.Debug|Any CPU.ActiveCfg = Debug|Any CPU
		{00252FB7-A58B-4773-93C8-893832E65EB6}.Debug|Any CPU.Build.0 = Debug|Any CPU
		{00252FB7-A58B-4773-93C8-893832E65EB6}.Release|Any CPU.ActiveCfg = Release|Any CPU
		{00252FB7-A58B-4773-93C8-893832E65EB6}.Release|Any CPU.Build.0 = Release|Any CPU
		{42336DE8-E592-4039-A08F-B6D2A93F088E}.Debug|Any CPU.ActiveCfg = Debug|Any CPU
		{42336DE8-E592-4039-A08F-B6D2A93F088E}.Debug|Any CPU.Build.0 = Debug|Any CPU
		{42336DE8-E592-4039-A08F-B6D2A93F088E}.Release|Any CPU.ActiveCfg = Release|Any CPU
		{42336DE8-E592-4039-A08F-B6D2A93F088E}.Release|Any CPU.Build.0 = Release|Any CPU
	EndGlobalSection
	GlobalSection(SolutionProperties) = preSolution
		HideSolutionNode = FALSE
	EndGlobalSection
	GlobalSection(ExtensibilityGlobals) = postSolution
		SolutionGuid = {0B53D2C8-D3C9-4D01-9E59-3D6E868B383E}
	EndGlobalSection
EndGlobal
